
Microsoft Visual Studio Solution File, Format Version 12.00
# Visual Studio 15
VisualStudioVersion = 15.0.27004.2009
MinimumVisualStudioVersion = 10.0.40219.1
Project("{FAE04EC0-301F-11D3-BF4B-00C04F79EFBC}") = "OutlierCalculator", "OutlierCalculator\OutlierCalculator.csproj", "{50F87B98-41B1-49EF-9E1A-F6B2ADDB668D}"
EndProject
Global
	GlobalSection(SolutionConfigurationPlatforms) = preSolution
		Debug|Any CPU = Debug|Any CPU
		Release|Any CPU = Release|Any CPU
	EndGlobalSection
	GlobalSection(ProjectConfigurationPlatforms) = postSolution
		{50F87B98-41B1-49EF-9E1A-F6B2ADDB668D}.Debug|Any CPU.ActiveCfg = Debug|Any CPU
		{50F87B98-41B1-49EF-9E1A-F6B2ADDB668D}.Debug|Any CPU.Build.0 = Debug|Any CPU
		{50F87B98-41B1-49EF-9E1A-F6B2ADDB668D}.Release|Any CPU.ActiveCfg = Release|Any CPU
		{50F87B98-41B1-49EF-9E1A-F6B2ADDB668D}.Release|Any CPU.Build.0 = Release|Any CPU
	EndGlobalSection
	GlobalSection(SolutionProperties) = preSolution
		HideSolutionNode = FALSE
	EndGlobalSection
	GlobalSection(ExtensibilityGlobals) = postSolution
		SolutionGuid = {48DD830F-3AEC-498C-B944-5FAFF0165165}
	EndGlobalSection
EndGlobal
